<?xml version="1.0" encoding="utf-8"?>
<Project ToolsVersion="4.0" xmlns="http://schemas.microsoft.com/developer/msbuild/2003">
  <ItemGroup>
    <Filter Include="Source Files">
      <UniqueIdentifier>{4FC737F1-C7A5-4376-A066-2A32D752A2FF}</UniqueIdentifier>
      <Extensions>cpp;c;cc;cxx;def;odl;idl;hpj;bat;asm;asmx</Extensions>
    </Filter>
    <Filter Include="Header Files">
      <UniqueIdentifier>{93995380-89BD-4b04-88EB-625FBE52EBFB}</UniqueIdentifier>
      <Extensions>h;hpp;hxx;hm;inl;inc;xsd</Extensions>
    </Filter>
    <Filter Include="Resource Files">
      <UniqueIdentifier>{67DA6AB6-F800-4c08-8B7A-83BB121AAD01}</UniqueIdentifier>
      <Extensions>rc;ico;cur;bmp;dlg;rc2;rct;bin;rgs;gif;jpg;jpeg;jpe;resx;tiff;tif;png;wav;mfcribbon-ms</Extensions>
    </Filter>
    <Filter Include="Header Files\ObjLoader">
      <UniqueIdentifier>{8eb9f383-fc6c-4dd0-8a42-57eaf21f7a32}</UniqueIdentifier>
    </Filter>
    <Filter Include="Source Files\ObjLoader">
      <UniqueIdentifier>{a95589c8-35ca-4ae2-87e0-972bac4fde03}</UniqueIdentifier>
    </Filter>
    <Filter Include="Source Files\glm">
      <UniqueIdentifier>{95cd6386-1097-4597-81ea-a5840ec529f5}</UniqueIdentifier>
    </Filter>
    <Filter Include="Header Files\glm">
      <UniqueIdentifier>{d52828d8-e71a-4c15-9d0b-4c89bd34d135}</UniqueIdentifier>
    </Filter>
  </ItemGroup>
  <ItemGroup>
    <ClCompile Include="CubeMap.cpp">
      <Filter>Source Files</Filter>
    </ClCompile>
    <ClCompile Include="Shader.cpp">
      <Filter>Source Files</Filter>
    </ClCompile>
    <ClCompile Include="stb_image.c">
      <Filter>Source Files</Filter>
    </ClCompile>
    <ClCompile Include="Uniform.cpp">
      <Filter>Source Files</Filter>
    </ClCompile>
    <ClCompile Include="ShaderManager.cpp">
      <Filter>Source Files</Filter>
    </ClCompile>
    <ClCompile Include="FrameBufferObject.cpp">
      <Filter>Source Files</Filter>
    </ClCompile>
    <ClCompile Include="BasicTexture.cpp">
      <Filter>Source Files</Filter>
    </ClCompile>
    <ClCompile Include="QuadDrawer.cpp">
      <Filter>Source Files</Filter>
    </ClCompile>
    <ClCompile Include="ObjLoader\objLoader.cpp">
      <Filter>Source Files\ObjLoader</Filter>
    </ClCompile>
    <ClCompile Include="ObjLoader\obj_parser.cpp">
      <Filter>Source Files\ObjLoader</Filter>
    </ClCompile>
    <ClCompile Include="ObjLoader\list.cpp">
      <Filter>Source Files\ObjLoader</Filter>
    </ClCompile>
    <ClCompile Include="ObjLoader\string_extra.cpp">
      <Filter>Source Files\ObjLoader</Filter>
    </ClCompile>
    <ClCompile Include="VBOMesh.cpp">
      <Filter>Source Files</Filter>
    </ClCompile>
    <ClCompile Include="glm\glm.c">
      <Filter>Source Files\glm</Filter>
    </ClCompile>
    <ClCompile Include="glm\glm_util.c">
      <Filter>Source Files\glm</Filter>
    </ClCompile>
    <ClCompile Include="glm\glmimg.c">
      <Filter>Source Files\glm</Filter>
    </ClCompile>
    <ClCompile Include="glm\glmimg_devil.c">
      <Filter>Source Files\glm</Filter>
    </ClCompile>
    <ClCompile Include="glm\glmimg_jpg.c">
      <Filter>Source Files\glm</Filter>
    </ClCompile>
    <ClCompile Include="glm\glmimg_png.c">
      <Filter>Source Files\glm</Filter>
    </ClCompile>
    <ClCompile Include="glm\glmimg_sdl.c">
      <Filter>Source Files\glm</Filter>
    </ClCompile>
    <ClCompile Include="glm\glmimg_sim.c">
      <Filter>Source Files\glm</Filter>
    </ClCompile>
  </ItemGroup>
  <ItemGroup>
    <ClInclude Include="CubeMap.h">
      <Filter>Header Files</Filter>
    </ClInclude>
    <ClInclude Include="Shader.h">
      <Filter>Header Files</Filter>
    </ClInclude>
    <ClInclude Include="stb_image.h">
      <Filter>Header Files</Filter>
    </ClInclude>
    <ClInclude Include="Uniform.h">
      <Filter>Header Files</Filter>
    </ClInclude>
    <ClInclude Include="ShaderManager.h">
      <Filter>Header Files</Filter>
    </ClInclude>
    <ClInclude Include="FrameBufferObject.h">
      <Filter>Header Files</Filter>
    </ClInclude>
    <ClInclude Include="BasicTexture.h">
      <Filter>Header Files</Filter>
    </ClInclude>
    <ClInclude Include="FBOTexture.h">
      <Filter>Header Files</Filter>
    </ClInclude>
    <ClInclude Include="QuadDrawer.h">
      <Filter>Header Files</Filter>
    </ClInclude>
    <ClInclude Include="DebugDraw.h">
      <Filter>Header Files</Filter>
    </ClInclude>
    <ClInclude Include="ObjLoader\obj_parser.h">
      <Filter>Header Files\ObjLoader</Filter>
    </ClInclude>
    <ClInclude Include="ObjLoader\list.h">
      <Filter>Header Files\ObjLoader</Filter>
    </ClInclude>
    <ClInclude Include="ObjLoader\objLoader.h">
      <Filter>Header Files\ObjLoader</Filter>
    </ClInclude>
    <ClInclude Include="ObjLoader\string_extra.h">
      <Filter>Header Files\ObjLoader</Filter>
    </ClInclude>
    <ClInclude Include="VBOMesh.h">
      <Filter>Header Files</Filter>
    </ClInclude>
    <ClInclude Include="glm\glm.h">
      <Filter>Header Files\glm</Filter>
    </ClInclude>
    <ClInclude Include="glm\glmint.h">
      <Filter>Header Files\glm</Filter>
    </ClInclude>
  </ItemGroup>
</Project>