<?xml version="1.0" encoding="utf-8"?>
<Project ToolsVersion="4.0" xmlns="http://schemas.microsoft.com/developer/msbuild/2003">
  <ItemGroup>
    <Filter Include="Source Files">
      <UniqueIdentifier>{4FC737F1-C7A5-4376-A066-2A32D752A2FF}</UniqueIdentifier>
      <Extensions>cpp;c;cc;cxx;def;odl;idl;hpj;bat;asm;asmx</Extensions>
    </Filter>
    <Filter Include="Header Files">
      <UniqueIdentifier>{93995380-89BD-4b04-88EB-625FBE52EBFB}</UniqueIdentifier>
      <Extensions>h;hpp;hxx;hm;inl;inc;xsd</Extensions>
    </Filter>
    <Filter Include="Resource Files">
      <UniqueIdentifier>{67DA6AB6-F800-4c08-8B7A-83BB121AAD01}</UniqueIdentifier>
      <Extensions>rc;ico;cur;bmp;dlg;rc2;rct;bin;rgs;gif;jpg;jpeg;jpe;resx;tiff;tif;png;wav;mfcribbon-ms</Extensions>
    </Filter>
    <Filter Include="Header Files\ObjLoader">
      <UniqueIdentifier>{8eb9f383-fc6c-4dd0-8a42-57eaf21f7a32}</UniqueIdentifier>
    </Filter>
    <Filter Include="Source Files\ObjLoader">
      <UniqueIdentifier>{a95589c8-35ca-4ae2-87e0-972bac4fde03}</UniqueIdentifier>
    </Filter>
    <Filter Include="Header Files\GLGUI">
      <UniqueIdentifier>{4c3d7f5e-6fea-4ebc-a8ee-b4b4ae7b8bfa}</UniqueIdentifier>
    </Filter>
    <Filter Include="Source Files\GLGUI">
      <UniqueIdentifier>{bf887cca-fd02-43b7-b38b-07a2e27ccab2}</UniqueIdentifier>
    </Filter>
  </ItemGroup>
  <ItemGroup>
    <ClCompile Include="CubeMap.cpp">
      <Filter>Source Files</Filter>
    </ClCompile>
    <ClCompile Include="Shader.cpp">
      <Filter>Source Files</Filter>
    </ClCompile>
    <ClCompile Include="Uniform.cpp">
      <Filter>Source Files</Filter>
    </ClCompile>
    <ClCompile Include="ShaderManager.cpp">
      <Filter>Source Files</Filter>
    </ClCompile>
    <ClCompile Include="FrameBufferObject.cpp">
      <Filter>Source Files</Filter>
    </ClCompile>
    <ClCompile Include="BasicTexture.cpp">
      <Filter>Source Files</Filter>
    </ClCompile>
    <ClCompile Include="QuadDrawer.cpp">
      <Filter>Source Files</Filter>
    </ClCompile>
    <ClCompile Include="ObjLoader\objLoader.cpp">
      <Filter>Source Files\ObjLoader</Filter>
    </ClCompile>
    <ClCompile Include="ObjLoader\obj_parser.cpp">
      <Filter>Source Files\ObjLoader</Filter>
    </ClCompile>
    <ClCompile Include="ObjLoader\list.cpp">
      <Filter>Source Files\ObjLoader</Filter>
    </ClCompile>
    <ClCompile Include="ObjLoader\string_extra.cpp">
      <Filter>Source Files\ObjLoader</Filter>
    </ClCompile>
    <ClCompile Include="Colours.cpp">
      <Filter>Source Files</Filter>
    </ClCompile>
    <ClCompile Include="FBOManager.cpp">
      <Filter>Source Files</Filter>
    </ClCompile>
    <ClCompile Include="GLGUI\fonttex.cpp">
      <Filter>Source Files\GLGUI</Filter>
    </ClCompile>
    <ClCompile Include="GLGUI\GUIBase.cpp">
      <Filter>Source Files\GLGUI</Filter>
    </ClCompile>
    <ClCompile Include="GLGUI\GUITray.cpp">
      <Filter>Source Files\GLGUI</Filter>
    </ClCompile>
    <ClCompile Include="GLGUI\GUIElement.cpp">
      <Filter>Source Files\GLGUI</Filter>
    </ClCompile>
    <ClCompile Include="GLGUI\GUITextBox.cpp">
      <Filter>Source Files\GLGUI</Filter>
    </ClCompile>
    <ClCompile Include="GLGUI\Primitives.cpp">
      <Filter>Source Files\GLGUI</Filter>
    </ClCompile>
    <ClCompile Include="GLGUI\Slider.cpp">
      <Filter>Source Files\GLGUI</Filter>
    </ClCompile>
    <ClCompile Include="stb_image.c">
      <Filter>Source Files</Filter>
    </ClCompile>
    <ClCompile Include="StaticMesh.cpp">
      <Filter>Source Files</Filter>
    </ClCompile>
    <ClCompile Include="SubMesh.cpp">
      <Filter>Source Files</Filter>
    </ClCompile>
  </ItemGroup>
  <ItemGroup>
    <ClInclude Include="CubeMap.h">
      <Filter>Header Files</Filter>
    </ClInclude>
    <ClInclude Include="Shader.h">
      <Filter>Header Files</Filter>
    </ClInclude>
    <ClInclude Include="Uniform.h">
      <Filter>Header Files</Filter>
    </ClInclude>
    <ClInclude Include="ShaderManager.h">
      <Filter>Header Files</Filter>
    </ClInclude>
    <ClInclude Include="FrameBufferObject.h">
      <Filter>Header Files</Filter>
    </ClInclude>
    <ClInclude Include="BasicTexture.h">
      <Filter>Header Files</Filter>
    </ClInclude>
    <ClInclude Include="QuadDrawer.h">
      <Filter>Header Files</Filter>
    </ClInclude>
    <ClInclude Include="ObjLoader\obj_parser.h">
      <Filter>Header Files\ObjLoader</Filter>
    </ClInclude>
    <ClInclude Include="ObjLoader\list.h">
      <Filter>Header Files\ObjLoader</Filter>
    </ClInclude>
    <ClInclude Include="ObjLoader\objLoader.h">
      <Filter>Header Files\ObjLoader</Filter>
    </ClInclude>
    <ClInclude Include="ObjLoader\string_extra.h">
      <Filter>Header Files\ObjLoader</Filter>
    </ClInclude>
    <ClInclude Include="Colours.h">
      <Filter>Header Files</Filter>
    </ClInclude>
    <ClInclude Include="FBOManager.h">
      <Filter>Header Files</Filter>
    </ClInclude>
    <ClInclude Include="DebugDraw.h">
      <Filter>Header Files\GLGUI</Filter>
    </ClInclude>
    <ClInclude Include="GLGUI\fonttex.h">
      <Filter>Header Files\GLGUI</Filter>
    </ClInclude>
    <ClInclude Include="GLGUI\glFunctions.h">
      <Filter>Header Files\GLGUI</Filter>
    </ClInclude>
    <ClInclude Include="GLGUI\GUIBase.h">
      <Filter>Header Files\GLGUI</Filter>
    </ClInclude>
    <ClInclude Include="GLGUI\GUIElement.h">
      <Filter>Header Files\GLGUI</Filter>
    </ClInclude>
    <ClInclude Include="GLGUI\GUITextBox.h">
      <Filter>Header Files\GLGUI</Filter>
    </ClInclude>
    <ClInclude Include="GLGUI\GUITray.h">
      <Filter>Header Files\GLGUI</Filter>
    </ClInclude>
    <ClInclude Include="GLGUI\Primitives.h">
      <Filter>Header Files\GLGUI</Filter>
    </ClInclude>
    <ClInclude Include="GLGUI\Slider.h">
      <Filter>Header Files\GLGUI</Filter>
    </ClInclude>
    <ClInclude Include="GLGUI\VarChange.h">
      <Filter>Header Files\GLGUI</Filter>
    </ClInclude>
    <ClInclude Include="GLGUI\VarPrint.h">
      <Filter>Header Files\GLGUI</Filter>
    </ClInclude>
    <ClInclude Include="GLGUI\VarWatch.h">
      <Filter>Header Files\GLGUI</Filter>
    </ClInclude>
    <ClInclude Include="stb_image.h">
      <Filter>Header Files</Filter>
    </ClInclude>
    <ClInclude Include="StaticMesh.h">
      <Filter>Header Files</Filter>
    </ClInclude>
    <ClInclude Include="SubMesh.h">
      <Filter>Header Files</Filter>
    </ClInclude>
    <ClInclude Include="NamedCollection.h">
      <Filter>Header Files</Filter>
    </ClInclude>
  </ItemGroup>
</Project>